
Microsoft Visual Studio Solution File, Format Version 12.00
# Visual Studio Version 16
VisualStudioVersion = 16.0.34031.81
MinimumVisualStudioVersion = 10.0.40219.1
Project("{FAE04EC0-301F-11D3-BF4B-00C04F79EFBC}") = "ExercicioProposto02", "ExercicioProposto02\ExercicioProposto02.csproj", "{0339C205-9763-4BF9-BC71-A5C61B9FDC0A}"
EndProject
Global
	GlobalSection(SolutionConfigurationPlatforms) = preSolution
		Debug|Any CPU = Debug|Any CPU
		Release|Any CPU = Release|Any CPU
	EndGlobalSection
	GlobalSection(ProjectConfigurationPlatforms) = postSolution
		{0339C205-9763-4BF9-BC71-A5C61B9FDC0A}.Debug|Any CPU.ActiveCfg = Debug|Any CPU
		{0339C205-9763-4BF9-BC71-A5C61B9FDC0A}.Debug|Any CPU.Build.0 = Debug|Any CPU
		{0339C205-9763-4BF9-BC71-A5C61B9FDC0A}.Release|Any CPU.ActiveCfg = Release|Any CPU
		{0339C205-9763-4BF9-BC71-A5C61B9FDC0A}.Release|Any CPU.Build.0 = Release|Any CPU
	EndGlobalSection
	GlobalSection(SolutionProperties) = preSolution
		HideSolutionNode = FALSE
	EndGlobalSection
	GlobalSection(ExtensibilityGlobals) = postSolution
		SolutionGuid = {822102D4-E475-408D-B437-EA4555EB40D6}
	EndGlobalSection
EndGlobal
